
Microsoft Visual Studio Solution File, Format Version 12.00
# Visual Studio Version 17
VisualStudioVersion = 17.11.35222.181
MinimumVisualStudioVersion = 10.0.40219.1
Project("{FAE04EC0-301F-11D3-BF4B-00C04F79EFBC}") = "PlayingWithMEP", "PlayingWithMEP\PlayingWithMEP.csproj", "{DA337059-9671-48A0-B301-6CF89959D250}"
EndProject
Global
	GlobalSection(SolutionConfigurationPlatforms) = preSolution
		Debug|Any CPU = Debug|Any CPU
		Debug|x64 = Debug|x64
		Release|Any CPU = Release|Any CPU
		Release|x64 = Release|x64
	EndGlobalSection
	GlobalSection(ProjectConfigurationPlatforms) = postSolution
		{DA337059-9671-48A0-B301-6CF89959D250}.Debug|Any CPU.ActiveCfg = Debug|x64
		{DA337059-9671-48A0-B301-6CF89959D250}.Debug|Any CPU.Build.0 = Debug|x64
		{DA337059-9671-48A0-B301-6CF89959D250}.Debug|x64.ActiveCfg = Debug|x64
		{DA337059-9671-48A0-B301-6CF89959D250}.Debug|x64.Build.0 = Debug|x64
		{DA337059-9671-48A0-B301-6CF89959D250}.Release|Any CPU.ActiveCfg = Release|Any CPU
		{DA337059-9671-48A0-B301-6CF89959D250}.Release|Any CPU.Build.0 = Release|Any CPU
		{DA337059-9671-48A0-B301-6CF89959D250}.Release|x64.ActiveCfg = Release|x64
		{DA337059-9671-48A0-B301-6CF89959D250}.Release|x64.Build.0 = Release|x64
	EndGlobalSection
	GlobalSection(SolutionProperties) = preSolution
		HideSolutionNode = FALSE
	EndGlobalSection
	GlobalSection(ExtensibilityGlobals) = postSolution
		SolutionGuid = {234C4528-1513-497F-8C88-50F29958AA27}
	EndGlobalSection
EndGlobal
